{
  "nodes": {
    "microlith": {
      "inputs": {
        "nixpkgs": [
          "nixpkgs"
        ]
      },
      "locked": {
        "lastModified": 1785700564,
        "narHash": "sha256-2hifrdMwfHrZ7F3qX8lObvqgIksTOWpSxUKUhLqsU0Q=",
        "owner": "pr0d1r2",
        "repo": "microlith",
        "rev": "307e6d9ec1de5803d2e0122986224731ee638b0e",
        "type": "github"
      },
      "original": {
        "owner": "pr0d1r2",
        "ref": "v0.5.0",
        "repo": "microlith",
        "type": "github"
      }
    },
    "nixpkgs": {
      "locked": {
        "lastModified": 1784497964,
        "narHash": "sha256-vlHUuqAcbcH2RKmHbPiuQzbv1pnzzavXnI62RD0bqCU=",
        "owner": "NixOS",
        "repo": "nixpkgs",
        "rev": "241313f4e8e508cb9b13278c2b0fa25b9ca27163",
        "type": "github"
      },
      "original": {
        "owner": "NixOS",
        "repo": "nixpkgs",
        "rev": "241313f4e8e508cb9b13278c2b0fa25b9ca27163",
        "type": "github"
      }
    },
    "root": {
      "inputs": {
        "microlith": "microlith",
        "nixpkgs": "nixpkgs"
      }
    }
  },
  "root": "root",
  "version": 7
}
